
Microsoft Visual Studio Solution File, Format Version 12.00
Project("{FAE04EC0-301F-11D3-BF4B-00C04F79EFBC}") = "ByteBattlesServer.Microservices.AuthService.Domain", "ByteBattlesServer.Microservices\ByteBattlesServer.Microservices.AuthService.Domain\ByteBattlesServer.Microservices.AuthService.Domain.csproj", "{FAE04D8E-A11F-49EF-9A07-592485A05FC8}"
EndProject
Project("{FAE04EC0-301F-11D3-BF4B-00C04F79EFBC}") = "ByteBattlesServer.Domain", "ByteBattlesServer.Domain\ByteBattlesServer.Domain.csproj", "{4D9458D9-5F6D-4C09-BF49-79CF5513BDDF}"
EndProject
Project("{FAE04EC0-301F-11D3-BF4B-00C04F79EFBC}") = "ByteBattlesServer.Microservices.AuthServices.Application", "ByteBattlesServer.Microservices\ByteBattlesServer.Microservices.AuthServices.Application\ByteBattlesServer.Microservices.AuthServices.Application.csproj", "{BA54F192-2086-4239-9B3F-20A1EFFBE435}"
EndProject
Project("{FAE04EC0-301F-11D3-BF4B-00C04F79EFBC}") = "ByteBattlesServer.Microservices.AuthService.Infrastructure", "ByteBattlesServer.Microservices\ByteBattlesServer.Microservices.AuthService.Infrastructure\ByteBattlesServer.Microservices.AuthService.Infrastructure.csproj", "{16F14FE1-21DC-40EB-B307-4430333583D1}"
EndProject
Project("{2150E333-8FDC-42A3-9474-1A3956D46DE8}") = "ByteBattles.Microservices", "ByteBattles.Microservices", "{4E83DCC8-96E2-4BCD-AD8D-8D04262A84D5}"
EndProject
Project("{2150E333-8FDC-42A3-9474-1A3956D46DE8}") = "ByteBattles.Microservices.AuthServices", "ByteBattles.Microservices.AuthServices", "{1483D10B-154C-45DD-AA4D-AD420F653DFD}"
EndProject
Project("{FAE04EC0-301F-11D3-BF4B-00C04F79EFBC}") = "ByteBattlesServer.Microservices.AuthService.API", "ByteBattlesServer.Microservices\ByteBattlesServer.Microservices.AuthService.API\ByteBattlesServer.Microservices.AuthService.API.csproj", "{875F9864-C4EB-42BD-BD5C-D08FB1EC5993}"
EndProject
Project("{FAE04EC0-301F-11D3-BF4B-00C04F79EFBC}") = "ByteBattlesServer.Microservices.Middleware", "ByteBattlesServer.Microservices\ByteBattlesServer.Microservices.Middleware\ByteBattlesServer.Microservices.Middleware.csproj", "{5BEF42B2-2F60-4800-B3B8-01672356E885}"
EndProject
Project("{2150E333-8FDC-42A3-9474-1A3956D46DE8}") = "ByteBattles.Microservices.UserProfile", "ByteBattles.Microservices.UserProfile", "{71AB09A1-56C0-4A8E-B3C0-8026213874FE}"
EndProject
Project("{FAE04EC0-301F-11D3-BF4B-00C04F79EFBC}") = "ByteBattlesServer.Microservices.UserProfile.Domain", "ByteBattlesServer.Microservices\ByteBattlesServer.Microservices.UserProfile.Domain\ByteBattlesServer.Microservices.UserProfile.Domain.csproj", "{E380728C-EFC9-4823-9120-E71E41C7D4A3}"
EndProject
Project("{FAE04EC0-301F-11D3-BF4B-00C04F79EFBC}") = "ByteBattlesServer.Microservices.UserProfile.Application", "ByteBattlesServer.Microservices\ByteBattlesServer.Microservices.UserProfile.Application\ByteBattlesServer.Microservices.UserProfile.Application.csproj", "{04635942-8FDB-41C2-AB9D-CEADF5FCAABB}"
EndProject
Project("{FAE04EC0-301F-11D3-BF4B-00C04F79EFBC}") = "ByteBattlesServer.Microservices.UserProfile.Infrastructure", "ByteBattlesServer.Microservices\ByteBattlesServer.Microservices.UserProfile.Infrastructure\ByteBattlesServer.Microservices.UserProfile.Infrastructure.csproj", "{BD27C041-3724-43CA-A7EF-2B4FFD2EDBE5}"
EndProject
Project("{FAE04EC0-301F-11D3-BF4B-00C04F79EFBC}") = "ByteBattlesServer.Microservices.UserProfile.API", "ByteBattlesServer.Microservices\ByteBattlesServer.Microservices.UserProfile.API\ByteBattlesServer.Microservices.UserProfile.API.csproj", "{BE44B7F3-31FF-444E-A73B-B3318794A3B1}"
EndProject
Project("{FAE04EC0-301F-11D3-BF4B-00C04F79EFBC}") = "ByteBattlesServer.SharedContracts", "ByteBattlesServer.SharedContracts\ByteBattlesServer.SharedContracts.csproj", "{B650CF50-FF01-4CE2-A48E-AB7FA3E06094}"
EndProject
Project("{2150E333-8FDC-42A3-9474-1A3956D46DE8}") = "ByteBattles.Microservices.TaskServices", "ByteBattles.Microservices.TaskServices", "{732F62D5-0DD5-4AA7-9AB2-70F559DBF3F5}"
EndProject
Project("{FAE04EC0-301F-11D3-BF4B-00C04F79EFBC}") = "ByteBattlesServer.Microservices.TaskServices.Domain", "ByteBattlesServer.Microservices\ByteBattlesServer.Microservices.TaskServices\ByteBattlesServer.Microservices.TaskServices.Domain\ByteBattlesServer.Microservices.TaskServices.Domain.csproj", "{47E0AD3C-E952-4FD1-AA0B-FDF77ED692B7}"
EndProject
Project("{FAE04EC0-301F-11D3-BF4B-00C04F79EFBC}") = "ByteBattlesServer.Microservices.TaskServices.Infrastructure", "ByteBattlesServer.Microservices\ByteBattlesServer.Microservices.TaskServices\ByteBattlesServer.Microservices.TaskServices.Infrastructure\ByteBattlesServer.Microservices.TaskServices.Infrastructure.csproj", "{2C801727-3DE4-4D16-9A3E-1D0A267162FD}"
EndProject
Project("{FAE04EC0-301F-11D3-BF4B-00C04F79EFBC}") = "ByteBattlesServer.Microservices.TaskServices.Application", "ByteBattlesServer.Microservices\ByteBattlesServer.Microservices.TaskServices\ByteBattlesServer.Microservices.TaskServices.Application\ByteBattlesServer.Microservices.TaskServices.Application.csproj", "{00EAB357-BCA0-4A2C-A0C0-74E033B70EE6}"
EndProject
Project("{FAE04EC0-301F-11D3-BF4B-00C04F79EFBC}") = "ByteBattlesServer.Microservices.TaskServices.API", "ByteBattlesServer.Microservices\ByteBattlesServer.Microservices.TaskServices\ByteBattlesServer.Microservices.TaskServices.API\ByteBattlesServer.Microservices.TaskServices.API.csproj", "{9061E9B5-D157-44CA-B880-9A0A6F030E7C}"
EndProject
Project("{2150E333-8FDC-42A3-9474-1A3956D46DE8}") = "ByteBattlesServer.Microservices.SolutionService", "ByteBattlesServer.Microservices.SolutionService", "{485ED3E4-52C9-4C1F-BC1F-64E925683120}"
EndProject
Project("{FAE04EC0-301F-11D3-BF4B-00C04F79EFBC}") = "ByteBattlesServer.Microservices.SolutionService.Domain", "ByteBattlesServer.Microservices\ByteBattlesServer.Microservices.SolutionService\ByteBattlesServer.Microservices.SolutionService.Domain\ByteBattlesServer.Microservices.SolutionService.Domain.csproj", "{57F48C81-1FB8-446A-BAE3-813EB80AF293}"
EndProject
Project("{2150E333-8FDC-42A3-9474-1A3956D46DE8}") = "ByteBattlesServer.Microservices.CodeExecution", "ByteBattlesServer.Microservices.CodeExecution", "{82621F0B-EBDD-4AFD-A1B9-FF37BB43DF1A}"
EndProject
Project("{FAE04EC0-301F-11D3-BF4B-00C04F79EFBC}") = "ByteBattlesServer.Microservices.CodeExecution.Domain", "ByteBattlesServer.Microservices\ByteBattlesServer.Microservices.CodeExecution\ByteBattlesServer.Microservices.CodeExecution.Domain\ByteBattlesServer.Microservices.CodeExecution.Domain.csproj", "{B00D01D7-095B-49DA-8E54-9A32262AF10D}"
EndProject
Project("{FAE04EC0-301F-11D3-BF4B-00C04F79EFBC}") = "ByteBattlesServer.Microservices.SolutionService.Infrastructure", "ByteBattlesServer.Microservices\ByteBattlesServer.Microservices.SolutionService\ByteBattlesServer.Microservices.SolutionService.Infrastructure\ByteBattlesServer.Microservices.SolutionService.Infrastructure.csproj", "{66E1A7D4-F54E-46F3-A4DA-9CE816C1FEFD}"
EndProject
Project("{FAE04EC0-301F-11D3-BF4B-00C04F79EFBC}") = "ByteBattlesServer.Microservices.SolutionService.Application", "ByteBattlesServer.Microservices\ByteBattlesServer.Microservices.SolutionService\ByteBattlesServer.Microservices.SolutionService.Application\ByteBattlesServer.Microservices.SolutionService.Application.csproj", "{81E602BE-DB13-454A-A247-3A8FF9963326}"
EndProject
Global
	GlobalSection(SolutionConfigurationPlatforms) = preSolution
		Debug|Any CPU = Debug|Any CPU
		Release|Any CPU = Release|Any CPU
	EndGlobalSection
	GlobalSection(ProjectConfigurationPlatforms) = postSolution
		{FAE04D8E-A11F-49EF-9A07-592485A05FC8}.Debug|Any CPU.ActiveCfg = Debug|Any CPU
		{FAE04D8E-A11F-49EF-9A07-592485A05FC8}.Debug|Any CPU.Build.0 = Debug|Any CPU
		{FAE04D8E-A11F-49EF-9A07-592485A05FC8}.Release|Any CPU.ActiveCfg = Release|Any CPU
		{FAE04D8E-A11F-49EF-9A07-592485A05FC8}.Release|Any CPU.Build.0 = Release|Any CPU
		{4D9458D9-5F6D-4C09-BF49-79CF5513BDDF}.Debug|Any CPU.ActiveCfg = Debug|Any CPU
		{4D9458D9-5F6D-4C09-BF49-79CF5513BDDF}.Debug|Any CPU.Build.0 = Debug|Any CPU
		{4D9458D9-5F6D-4C09-BF49-79CF5513BDDF}.Release|Any CPU.ActiveCfg = Release|Any CPU
		{4D9458D9-5F6D-4C09-BF49-79CF5513BDDF}.Release|Any CPU.Build.0 = Release|Any CPU
		{BA54F192-2086-4239-9B3F-20A1EFFBE435}.Debug|Any CPU.ActiveCfg = Debug|Any CPU
		{BA54F192-2086-4239-9B3F-20A1EFFBE435}.Debug|Any CPU.Build.0 = Debug|Any CPU
		{BA54F192-2086-4239-9B3F-20A1EFFBE435}.Release|Any CPU.ActiveCfg = Release|Any CPU
		{BA54F192-2086-4239-9B3F-20A1EFFBE435}.Release|Any CPU.Build.0 = Release|Any CPU
		{16F14FE1-21DC-40EB-B307-4430333583D1}.Debug|Any CPU.ActiveCfg = Debug|Any CPU
		{16F14FE1-21DC-40EB-B307-4430333583D1}.Debug|Any CPU.Build.0 = Debug|Any CPU
		{16F14FE1-21DC-40EB-B307-4430333583D1}.Release|Any CPU.ActiveCfg = Release|Any CPU
		{16F14FE1-21DC-40EB-B307-4430333583D1}.Release|Any CPU.Build.0 = Release|Any CPU
		{875F9864-C4EB-42BD-BD5C-D08FB1EC5993}.Debug|Any CPU.ActiveCfg = Debug|Any CPU
		{875F9864-C4EB-42BD-BD5C-D08FB1EC5993}.Debug|Any CPU.Build.0 = Debug|Any CPU
		{875F9864-C4EB-42BD-BD5C-D08FB1EC5993}.Release|Any CPU.ActiveCfg = Release|Any CPU
		{875F9864-C4EB-42BD-BD5C-D08FB1EC5993}.Release|Any CPU.Build.0 = Release|Any CPU
		{5BEF42B2-2F60-4800-B3B8-01672356E885}.Debug|Any CPU.ActiveCfg = Debug|Any CPU
		{5BEF42B2-2F60-4800-B3B8-01672356E885}.Debug|Any CPU.Build.0 = Debug|Any CPU
		{5BEF42B2-2F60-4800-B3B8-01672356E885}.Release|Any CPU.ActiveCfg = Release|Any CPU
		{5BEF42B2-2F60-4800-B3B8-01672356E885}.Release|Any CPU.Build.0 = Release|Any CPU
		{E380728C-EFC9-4823-9120-E71E41C7D4A3}.Debug|Any CPU.ActiveCfg = Debug|Any CPU
		{E380728C-EFC9-4823-9120-E71E41C7D4A3}.Debug|Any CPU.Build.0 = Debug|Any CPU
		{E380728C-EFC9-4823-9120-E71E41C7D4A3}.Release|Any CPU.ActiveCfg = Release|Any CPU
		{E380728C-EFC9-4823-9120-E71E41C7D4A3}.Release|Any CPU.Build.0 = Release|Any CPU
		{04635942-8FDB-41C2-AB9D-CEADF5FCAABB}.Debug|Any CPU.ActiveCfg = Debug|Any CPU
		{04635942-8FDB-41C2-AB9D-CEADF5FCAABB}.Debug|Any CPU.Build.0 = Debug|Any CPU
		{04635942-8FDB-41C2-AB9D-CEADF5FCAABB}.Release|Any CPU.ActiveCfg = Release|Any CPU
		{04635942-8FDB-41C2-AB9D-CEADF5FCAABB}.Release|Any CPU.Build.0 = Release|Any CPU
		{BD27C041-3724-43CA-A7EF-2B4FFD2EDBE5}.Debug|Any CPU.ActiveCfg = Debug|Any CPU
		{BD27C041-3724-43CA-A7EF-2B4FFD2EDBE5}.Debug|Any CPU.Build.0 = Debug|Any CPU
		{BD27C041-3724-43CA-A7EF-2B4FFD2EDBE5}.Release|Any CPU.ActiveCfg = Release|Any CPU
		{BD27C041-3724-43CA-A7EF-2B4FFD2EDBE5}.Release|Any CPU.Build.0 = Release|Any CPU
		{BE44B7F3-31FF-444E-A73B-B3318794A3B1}.Debug|Any CPU.ActiveCfg = Debug|Any CPU
		{BE44B7F3-31FF-444E-A73B-B3318794A3B1}.Debug|Any CPU.Build.0 = Debug|Any CPU
		{BE44B7F3-31FF-444E-A73B-B3318794A3B1}.Release|Any CPU.ActiveCfg = Release|Any CPU
		{BE44B7F3-31FF-444E-A73B-B3318794A3B1}.Release|Any CPU.Build.0 = Release|Any CPU
		{B650CF50-FF01-4CE2-A48E-AB7FA3E06094}.Debug|Any CPU.ActiveCfg = Debug|Any CPU
		{B650CF50-FF01-4CE2-A48E-AB7FA3E06094}.Debug|Any CPU.Build.0 = Debug|Any CPU
		{B650CF50-FF01-4CE2-A48E-AB7FA3E06094}.Release|Any CPU.ActiveCfg = Release|Any CPU
		{B650CF50-FF01-4CE2-A48E-AB7FA3E06094}.Release|Any CPU.Build.0 = Release|Any CPU
		{47E0AD3C-E952-4FD1-AA0B-FDF77ED692B7}.Debug|Any CPU.ActiveCfg = Debug|Any CPU
		{47E0AD3C-E952-4FD1-AA0B-FDF77ED692B7}.Debug|Any CPU.Build.0 = Debug|Any CPU
		{47E0AD3C-E952-4FD1-AA0B-FDF77ED692B7}.Release|Any CPU.ActiveCfg = Release|Any CPU
		{47E0AD3C-E952-4FD1-AA0B-FDF77ED692B7}.Release|Any CPU.Build.0 = Release|Any CPU
		{2C801727-3DE4-4D16-9A3E-1D0A267162FD}.Debug|Any CPU.ActiveCfg = Debug|Any CPU
		{2C801727-3DE4-4D16-9A3E-1D0A267162FD}.Debug|Any CPU.Build.0 = Debug|Any CPU
		{2C801727-3DE4-4D16-9A3E-1D0A267162FD}.Release|Any CPU.ActiveCfg = Release|Any CPU
		{2C801727-3DE4-4D16-9A3E-1D0A267162FD}.Release|Any CPU.Build.0 = Release|Any CPU
		{00EAB357-BCA0-4A2C-A0C0-74E033B70EE6}.Debug|Any CPU.ActiveCfg = Debug|Any CPU
		{00EAB357-BCA0-4A2C-A0C0-74E033B70EE6}.Debug|Any CPU.Build.0 = Debug|Any CPU
		{00EAB357-BCA0-4A2C-A0C0-74E033B70EE6}.Release|Any CPU.ActiveCfg = Release|Any CPU
		{00EAB357-BCA0-4A2C-A0C0-74E033B70EE6}.Release|Any CPU.Build.0 = Release|Any CPU
		{9061E9B5-D157-44CA-B880-9A0A6F030E7C}.Debug|Any CPU.ActiveCfg = Debug|Any CPU
		{9061E9B5-D157-44CA-B880-9A0A6F030E7C}.Debug|Any CPU.Build.0 = Debug|Any CPU
		{9061E9B5-D157-44CA-B880-9A0A6F030E7C}.Release|Any CPU.ActiveCfg = Release|Any CPU
		{9061E9B5-D157-44CA-B880-9A0A6F030E7C}.Release|Any CPU.Build.0 = Release|Any CPU
		{57F48C81-1FB8-446A-BAE3-813EB80AF293}.Debug|Any CPU.ActiveCfg = Debug|Any CPU
		{57F48C81-1FB8-446A-BAE3-813EB80AF293}.Debug|Any CPU.Build.0 = Debug|Any CPU
		{57F48C81-1FB8-446A-BAE3-813EB80AF293}.Release|Any CPU.ActiveCfg = Release|Any CPU
		{57F48C81-1FB8-446A-BAE3-813EB80AF293}.Release|Any CPU.Build.0 = Release|Any CPU
		{B00D01D7-095B-49DA-8E54-9A32262AF10D}.Debug|Any CPU.ActiveCfg = Debug|Any CPU
		{B00D01D7-095B-49DA-8E54-9A32262AF10D}.Debug|Any CPU.Build.0 = Debug|Any CPU
		{B00D01D7-095B-49DA-8E54-9A32262AF10D}.Release|Any CPU.ActiveCfg = Release|Any CPU
		{B00D01D7-095B-49DA-8E54-9A32262AF10D}.Release|Any CPU.Build.0 = Release|Any CPU
		{66E1A7D4-F54E-46F3-A4DA-9CE816C1FEFD}.Debug|Any CPU.ActiveCfg = Debug|Any CPU
		{66E1A7D4-F54E-46F3-A4DA-9CE816C1FEFD}.Debug|Any CPU.Build.0 = Debug|Any CPU
		{66E1A7D4-F54E-46F3-A4DA-9CE816C1FEFD}.Release|Any CPU.ActiveCfg = Release|Any CPU
		{66E1A7D4-F54E-46F3-A4DA-9CE816C1FEFD}.Release|Any CPU.Build.0 = Release|Any CPU
		{81E602BE-DB13-454A-A247-3A8FF9963326}.Debug|Any CPU.ActiveCfg = Debug|Any CPU
		{81E602BE-DB13-454A-A247-3A8FF9963326}.Debug|Any CPU.Build.0 = Debug|Any CPU
		{81E602BE-DB13-454A-A247-3A8FF9963326}.Release|Any CPU.ActiveCfg = Release|Any CPU
		{81E602BE-DB13-454A-A247-3A8FF9963326}.Release|Any CPU.Build.0 = Release|Any CPU
	EndGlobalSection
	GlobalSection(NestedProjects) = preSolution
		{1483D10B-154C-45DD-AA4D-AD420F653DFD} = {4E83DCC8-96E2-4BCD-AD8D-8D04262A84D5}
		{FAE04D8E-A11F-49EF-9A07-592485A05FC8} = {1483D10B-154C-45DD-AA4D-AD420F653DFD}
		{16F14FE1-21DC-40EB-B307-4430333583D1} = {1483D10B-154C-45DD-AA4D-AD420F653DFD}
		{BA54F192-2086-4239-9B3F-20A1EFFBE435} = {1483D10B-154C-45DD-AA4D-AD420F653DFD}
		{875F9864-C4EB-42BD-BD5C-D08FB1EC5993} = {1483D10B-154C-45DD-AA4D-AD420F653DFD}
		{71AB09A1-56C0-4A8E-B3C0-8026213874FE} = {4E83DCC8-96E2-4BCD-AD8D-8D04262A84D5}
		{E380728C-EFC9-4823-9120-E71E41C7D4A3} = {71AB09A1-56C0-4A8E-B3C0-8026213874FE}
		{04635942-8FDB-41C2-AB9D-CEADF5FCAABB} = {71AB09A1-56C0-4A8E-B3C0-8026213874FE}
		{BD27C041-3724-43CA-A7EF-2B4FFD2EDBE5} = {71AB09A1-56C0-4A8E-B3C0-8026213874FE}
		{BE44B7F3-31FF-444E-A73B-B3318794A3B1} = {71AB09A1-56C0-4A8E-B3C0-8026213874FE}
		{732F62D5-0DD5-4AA7-9AB2-70F559DBF3F5} = {4E83DCC8-96E2-4BCD-AD8D-8D04262A84D5}
		{47E0AD3C-E952-4FD1-AA0B-FDF77ED692B7} = {732F62D5-0DD5-4AA7-9AB2-70F559DBF3F5}
		{2C801727-3DE4-4D16-9A3E-1D0A267162FD} = {732F62D5-0DD5-4AA7-9AB2-70F559DBF3F5}
		{00EAB357-BCA0-4A2C-A0C0-74E033B70EE6} = {732F62D5-0DD5-4AA7-9AB2-70F559DBF3F5}
		{9061E9B5-D157-44CA-B880-9A0A6F030E7C} = {732F62D5-0DD5-4AA7-9AB2-70F559DBF3F5}
		{485ED3E4-52C9-4C1F-BC1F-64E925683120} = {4E83DCC8-96E2-4BCD-AD8D-8D04262A84D5}
		{57F48C81-1FB8-446A-BAE3-813EB80AF293} = {485ED3E4-52C9-4C1F-BC1F-64E925683120}
		{82621F0B-EBDD-4AFD-A1B9-FF37BB43DF1A} = {4E83DCC8-96E2-4BCD-AD8D-8D04262A84D5}
		{B00D01D7-095B-49DA-8E54-9A32262AF10D} = {82621F0B-EBDD-4AFD-A1B9-FF37BB43DF1A}
		{66E1A7D4-F54E-46F3-A4DA-9CE816C1FEFD} = {485ED3E4-52C9-4C1F-BC1F-64E925683120}
		{81E602BE-DB13-454A-A247-3A8FF9963326} = {485ED3E4-52C9-4C1F-BC1F-64E925683120}
	EndGlobalSection
EndGlobal
